
Microsoft Visual Studio Solution File, Format Version 12.00
# Visual Studio Version 17
VisualStudioVersion = 17.5.33530.505
MinimumVisualStudioVersion = 10.0.40219.1
Project("{FAE04EC0-301F-11D3-BF4B-00C04F79EFBC}") = "E-Library Management", "E-Library Management.csproj", "{43F478B9-AB4F-4EDE-AA31-C00CB6414282}"
EndProject
Global
	GlobalSection(SolutionConfigurationPlatforms) = preSolution
		Debug|Any CPU = Debug|Any CPU
		Release|Any CPU = Release|Any CPU
	EndGlobalSection
	GlobalSection(ProjectConfigurationPlatforms) = postSolution
		{43F478B9-AB4F-4EDE-AA31-C00CB6414282}.Debug|Any CPU.ActiveCfg = Debug|Any CPU
		{43F478B9-AB4F-4EDE-AA31-C00CB6414282}.Debug|Any CPU.Build.0 = Debug|Any CPU
		{43F478B9-AB4F-4EDE-AA31-C00CB6414282}.Release|Any CPU.ActiveCfg = Release|Any CPU
		{43F478B9-AB4F-4EDE-AA31-C00CB6414282}.Release|Any CPU.Build.0 = Release|Any CPU
	EndGlobalSection
	GlobalSection(SolutionProperties) = preSolution
		HideSolutionNode = FALSE
	EndGlobalSection
	GlobalSection(ExtensibilityGlobals) = postSolution
		SolutionGuid = {328856ED-00AA-4327-A512-707B5B9F79EC}
	EndGlobalSection
EndGlobal
